// !$*UTF8*$!
{
	archiveVersion = 1;
	classes = {
	};
	objectVersion = 77;
	objects = {

/* Begin PBXBuildFile section */
		C32457B32F2EB1B3007D2A5B /* WidgetKit.framework in Frameworks */ = {isa = PBXBuildFile; fileRef = C32457B22F2EB1B2007D2A5B /* WidgetKit.framework */; };
		C32457B52F2EB1B3007D2A5B /* SwiftUI.framework in Frameworks */ = {isa = PBXBuildFile; fileRef = C32457B42F2EB1B3007D2A5B /* SwiftUI.framework */; };
		C32457C02F2EB1B4007D2A5B /* MeteoradarWidgetExtension.appex in Embed Foundation Extensions */ = {isa = PBXBuildFile; fileRef = C32457B02F2EB1B2007D2A5B /* MeteoradarWidgetExtension.appex */; settings = {ATTRIBUTES = (RemoveHeadersOnCopy, ); }; };
		C3F9F6132E81601000951F5D /* RainRadar.icon in Resources */ = {isa = PBXBuildFile; fileRef = C3F9F6122E81601000951F5D /* RainRadar.icon */; };
/* End PBXBuildFile section */

/* Begin PBXContainerItemProxy section */
		C32457BE2F2EB1B4007D2A5B /* PBXContainerItemProxy */ = {
			isa = PBXContainerItemProxy;
			containerPortal = C3B298E12E7722FB005DD018 /* Project object */;
			proxyType = 1;
			remoteGlobalIDString = C32457AF2F2EB1B2007D2A5B;
			remoteInfo = MeteoradarWidgetExtension;
		};
		C3B298FC2E7722FD005DD018 /* PBXContainerItemProxy */ = {
			isa = PBXContainerItemProxy;
			containerPortal = C3B298E12E7722FB005DD018 /* Project object */;
			proxyType = 1;
			remoteGlobalIDString = C3B298E82E7722FB005DD018;
			remoteInfo = Meteoradar;
		};
		C3B299062E7722FD005DD018 /* PBXContainerItemProxy */ = {
			isa = PBXContainerItemProxy;
			containerPortal = C3B298E12E7722FB005DD018 /* Project object */;
			proxyType = 1;
			remoteGlobalIDString = C3B298E82E7722FB005DD018;
			remoteInfo = Meteoradar;
		};
/* End PBXContainerItemProxy section */

/* Begin PBXCopyFilesBuildPhase section */
		C32457C52F2EB1B4007D2A5B /* Embed Foundation Extensions */ = {
			isa = PBXCopyFilesBuildPhase;
			buildActionMask = 2147483647;
			dstPath = "";
			dstSubfolderSpec = 13;
			files = (
				C32457C02F2EB1B4007D2A5B /* MeteoradarWidgetExtension.appex in Embed Foundation Extensions */,
			);
			name = "Embed Foundation Extensions";
			runOnlyForDeploymentPostprocessing = 0;
		};
/* End PBXCopyFilesBuildPhase section */

/* Begin PBXFileReference section */
		C32457B02F2EB1B2007D2A5B /* MeteoradarWidgetExtension.appex */ = {isa = PBXFileReference; explicitFileType = "wrapper.app-extension"; includeInIndex = 0; path = MeteoradarWidgetExtension.appex; sourceTree = BUILT_PRODUCTS_DIR; };
		C32457B22F2EB1B2007D2A5B /* WidgetKit.framework */ = {isa = PBXFileReference; lastKnownFileType = wrapper.framework; name = WidgetKit.framework; path = System/Library/Frameworks/WidgetKit.framework; sourceTree = SDKROOT; };
		C32457B42F2EB1B3007D2A5B /* SwiftUI.framework */ = {isa = PBXFileReference; lastKnownFileType = wrapper.framework; name = SwiftUI.framework; path = System/Library/Frameworks/SwiftUI.framework; sourceTree = SDKROOT; };
		C3B298E92E7722FB005DD018 /* Meteoradar.app */ = {isa = PBXFileReference; explicitFileType = wrapper.application; includeInIndex = 0; path = Meteoradar.app; sourceTree = BUILT_PRODUCTS_DIR; };
		C3B298FB2E7722FD005DD018 /* MeteoradarTests.xctest */ = {isa = PBXFileReference; explicitFileType = wrapper.cfbundle; includeInIndex = 0; path = MeteoradarTests.xctest; sourceTree = BUILT_PRODUCTS_DIR; };
		C3B299052E7722FD005DD018 /* MeteoradarUITests.xctest */ = {isa = PBXFileReference; explicitFileType = wrapper.cfbundle; includeInIndex = 0; path = MeteoradarUITests.xctest; sourceTree = BUILT_PRODUCTS_DIR; };
		C3F9F6122E81601000951F5D /* RainRadar.icon */ = {isa = PBXFileReference; lastKnownFileType = folder.iconcomposer.icon; path = RainRadar.icon; sourceTree = "<group>"; };
/* End PBXFileReference section */

/* Begin PBXFileSystemSynchronizedBuildFileExceptionSet section */
		C32457C12F2EB1B4007D2A5B /* Exceptions for "MeteoradarWidget" folder in "MeteoradarWidgetExtension" target */ = {
			isa = PBXFileSystemSynchronizedBuildFileExceptionSet;
			membershipExceptions = (
				Info.plist,
			);
			target = C32457AF2F2EB1B2007D2A5B /* MeteoradarWidgetExtension */;
		};
/* End PBXFileSystemSynchronizedBuildFileExceptionSet section */

/* Begin PBXFileSystemSynchronizedRootGroup section */
		C32457B62F2EB1B3007D2A5B /* MeteoradarWidget */ = {
			isa = PBXFileSystemSynchronizedRootGroup;
			exceptions = (
				C32457C12F2EB1B4007D2A5B /* Exceptions for "MeteoradarWidget" folder in "MeteoradarWidgetExtension" target */,
			);
			path = MeteoradarWidget;
			sourceTree = "<group>";
		};
		C3B298EB2E7722FB005DD018 /* Meteoradar */ = {
			isa = PBXFileSystemSynchronizedRootGroup;
			path = Meteoradar;
			sourceTree = "<group>";
		};
		C3B298FE2E7722FD005DD018 /* MeteoradarTests */ = {
			isa = PBXFileSystemSynchronizedRootGroup;
			path = MeteoradarTests;
			sourceTree = "<group>";
		};
		C3B299082E7722FD005DD018 /* MeteoradarUITests */ = {
			isa = PBXFileSystemSynchronizedRootGroup;
			path = MeteoradarUITests;
			sourceTree = "<group>";
		};
		C3F9F7002F3A111100ABCD01 /* Shared */ = {
			isa = PBXFileSystemSynchronizedRootGroup;
			path = Shared;
			sourceTree = "<group>";
		};
/* End PBXFileSystemSynchronizedRootGroup section */

/* Begin PBXFrameworksBuildPhase section */
		C32457AD2F2EB1B2007D2A5B /* Frameworks */ = {
			isa = PBXFrameworksBuildPhase;
			buildActionMask = 2147483647;
			files = (
				C32457B52F2EB1B3007D2A5B /* SwiftUI.framework in Frameworks */,
				C32457B32F2EB1B3007D2A5B /* WidgetKit.framework in Frameworks */,
			);
			runOnlyForDeploymentPostprocessing = 0;
		};
		C3B298E62E7722FB005DD018 /* Frameworks */ = {
			isa = PBXFrameworksBuildPhase;
			buildActionMask = 2147483647;
			files = (
			);
			runOnlyForDeploymentPostprocessing = 0;
		};
		C3B298F82E7722FD005DD018 /* Frameworks */ = {
			isa = PBXFrameworksBuildPhase;
			buildActionMask = 2147483647;
			files = (
			);
			runOnlyForDeploymentPostprocessing = 0;
		};
		C3B299022E7722FD005DD018 /* Frameworks */ = {
			isa = PBXFrameworksBuildPhase;
			buildActionMask = 2147483647;
			files = (
			);
			runOnlyForDeploymentPostprocessing = 0;
		};
/* End PBXFrameworksBuildPhase section */

/* Begin PBXGroup section */
		C32457B12F2EB1B2007D2A5B /* Frameworks */ = {
			isa = PBXGroup;
			children = (
				C32457B22F2EB1B2007D2A5B /* WidgetKit.framework */,
				C32457B42F2EB1B3007D2A5B /* SwiftUI.framework */,
			);
			name = Frameworks;
			sourceTree = "<group>";
		};
		C3B298E02E7722FB005DD018 = {
			isa = PBXGroup;
			children = (
				C3B298EB2E7722FB005DD018 /* Meteoradar */,
				C3B298FE2E7722FD005DD018 /* MeteoradarTests */,
				C3B299082E7722FD005DD018 /* MeteoradarUITests */,
				C32457B62F2EB1B3007D2A5B /* MeteoradarWidget */,
				C3F9F7002F3A111100ABCD01 /* Shared */,
				C32457B12F2EB1B2007D2A5B /* Frameworks */,
				C3B298EA2E7722FB005DD018 /* Products */,
				C3F9F6122E81601000951F5D /* RainRadar.icon */,
			);
			sourceTree = "<group>";
		};
		C3B298EA2E7722FB005DD018 /* Products */ = {
			isa = PBXGroup;
			children = (
				C3B298E92E7722FB005DD018 /* Meteoradar.app */,
				C3B298FB2E7722FD005DD018 /* MeteoradarTests.xctest */,
				C3B299052E7722FD005DD018 /* MeteoradarUITests.xctest */,
				C32457B02F2EB1B2007D2A5B /* MeteoradarWidgetExtension.appex */,
			);
			name = Products;
			sourceTree = "<group>";
		};
/* End PBXGroup section */

/* Begin PBXNativeTarget section */
		C32457AF2F2EB1B2007D2A5B /* MeteoradarWidgetExtension */ = {
			isa = PBXNativeTarget;
			buildConfigurationList = C32457C22F2EB1B4007D2A5B /* Build configuration list for PBXNativeTarget "MeteoradarWidgetExtension" */;
			buildPhases = (
				C32457AC2F2EB1B2007D2A5B /* Sources */,
				C32457AD2F2EB1B2007D2A5B /* Frameworks */,
				C32457AE2F2EB1B2007D2A5B /* Resources */,
			);
			buildRules = (
			);
			dependencies = (
			);
			fileSystemSynchronizedGroups = (
				C32457B62F2EB1B3007D2A5B /* MeteoradarWidget */,
				C3F9F7002F3A111100ABCD01 /* Shared */,
			);
			name = MeteoradarWidgetExtension;
			packageProductDependencies = (
			);
			productName = MeteoradarWidgetExtension;
			productReference = C32457B02F2EB1B2007D2A5B /* MeteoradarWidgetExtension.appex */;
			productType = "com.apple.product-type.app-extension";
		};
		C3B298E82E7722FB005DD018 /* Meteoradar */ = {
			isa = PBXNativeTarget;
			buildConfigurationList = C3B2990F2E7722FD005DD018 /* Build configuration list for PBXNativeTarget "Meteoradar" */;
			buildPhases = (
				C3B298E52E7722FB005DD018 /* Sources */,
				C3B298E62E7722FB005DD018 /* Frameworks */,
				C3B298E72E7722FB005DD018 /* Resources */,
				C32457C52F2EB1B4007D2A5B /* Embed Foundation Extensions */,
			);
			buildRules = (
			);
			dependencies = (
				C32457BF2F2EB1B4007D2A5B /* PBXTargetDependency */,
			);
			fileSystemSynchronizedGroups = (
				C3B298EB2E7722FB005DD018 /* Meteoradar */,
				C3F9F7002F3A111100ABCD01 /* Shared */,
			);
			name = Meteoradar;
			packageProductDependencies = (
			);
			productName = Meteoradar;
			productReference = C3B298E92E7722FB005DD018 /* Meteoradar.app */;
			productType = "com.apple.product-type.application";
		};
		C3B298FA2E7722FD005DD018 /* MeteoradarTests */ = {
			isa = PBXNativeTarget;
			buildConfigurationList = C3B299122E7722FD005DD018 /* Build configuration list for PBXNativeTarget "MeteoradarTests" */;
			buildPhases = (
				C3B298F72E7722FD005DD018 /* Sources */,
				C3B298F82E7722FD005DD018 /* Frameworks */,
				C3B298F92E7722FD005DD018 /* Resources */,
			);
			buildRules = (
			);
			dependencies = (
				C3B298FD2E7722FD005DD018 /* PBXTargetDependency */,
			);
			fileSystemSynchronizedGroups = (
				C3B298FE2E7722FD005DD018 /* MeteoradarTests */,
			);
			name = MeteoradarTests;
			packageProductDependencies = (
			);
			productName = MeteoradarTests;
			productReference = C3B298FB2E7722FD005DD018 /* MeteoradarTests.xctest */;
			productType = "com.apple.product-type.bundle.unit-test";
		};
		C3B299042E7722FD005DD018 /* MeteoradarUITests */ = {
			isa = PBXNativeTarget;
			buildConfigurationList = C3B299152E7722FD005DD018 /* Build configuration list for PBXNativeTarget "MeteoradarUITests" */;
			buildPhases = (
				C3B299012E7722FD005DD018 /* Sources */,
				C3B299022E7722FD005DD018 /* Frameworks */,
				C3B299032E7722FD005DD018 /* Resources */,
			);
			buildRules = (
			);
			dependencies = (
				C3B299072E7722FD005DD018 /* PBXTargetDependency */,
			);
			fileSystemSynchronizedGroups = (
				C3B299082E7722FD005DD018 /* MeteoradarUITests */,
			);
			name = MeteoradarUITests;
			packageProductDependencies = (
			);
			productName = MeteoradarUITests;
			productReference = C3B299052E7722FD005DD018 /* MeteoradarUITests.xctest */;
			productType = "com.apple.product-type.bundle.ui-testing";
		};
/* End PBXNativeTarget section */

/* Begin PBXProject section */
		C3B298E12E7722FB005DD018 /* Project object */ = {
			isa = PBXProject;
			attributes = {
				BuildIndependentTargetsInParallel = 1;
				LastSwiftUpdateCheck = 2600;
				LastUpgradeCheck = 2600;
				TargetAttributes = {
					C32457AF2F2EB1B2007D2A5B = {
						CreatedOnToolsVersion = 26.0;
					};
					C3B298E82E7722FB005DD018 = {
						CreatedOnToolsVersion = 16.3;
					};
					C3B298FA2E7722FD005DD018 = {
						CreatedOnToolsVersion = 16.3;
						TestTargetID = C3B298E82E7722FB005DD018;
					};
					C3B299042E7722FD005DD018 = {
						CreatedOnToolsVersion = 16.3;
						TestTargetID = C3B298E82E7722FB005DD018;
					};
				};
			};
			buildConfigurationList = C3B298E42E7722FB005DD018 /* Build configuration list for PBXProject "Meteoradar" */;
			developmentRegion = en;
			hasScannedForEncodings = 0;
			knownRegions = (
				en,
				Base,
				cs,
			);
			mainGroup = C3B298E02E7722FB005DD018;
			minimizedProjectReferenceProxies = 1;
			preferredProjectObjectVersion = 77;
			productRefGroup = C3B298EA2E7722FB005DD018 /* Products */;
			projectDirPath = "";
			projectRoot = "";
			targets = (
				C3B298E82E7722FB005DD018 /* Meteoradar */,
				C3B298FA2E7722FD005DD018 /* MeteoradarTests */,
				C3B299042E7722FD005DD018 /* MeteoradarUITests */,
				C32457AF2F2EB1B2007D2A5B /* MeteoradarWidgetExtension */,
			);
		};
/* End PBXProject section */

/* Begin PBXResourcesBuildPhase section */
		C32457AE2F2EB1B2007D2A5B /* Resources */ = {
			isa = PBXResourcesBuildPhase;
			buildActionMask = 2147483647;
			files = (
			);
			runOnlyForDeploymentPostprocessing = 0;
		};
		C3B298E72E7722FB005DD018 /* Resources */ = {
			isa = PBXResourcesBuildPhase;
			buildActionMask = 2147483647;
			files = (
				C3F9F6132E81601000951F5D /* RainRadar.icon in Resources */,
			);
			runOnlyForDeploymentPostprocessing = 0;
		};
		C3B298F92E7722FD005DD018 /* Resources */ = {
			isa = PBXResourcesBuildPhase;
			buildActionMask = 2147483647;
			files = (
			);
			runOnlyForDeploymentPostprocessing = 0;
		};
		C3B299032E7722FD005DD018 /* Resources */ = {
			isa = PBXResourcesBuildPhase;
			buildActionMask = 2147483647;
			files = (
			);
			runOnlyForDeploymentPostprocessing = 0;
		};
/* End PBXResourcesBuildPhase section */

/* Begin PBXSourcesBuildPhase section */
		C32457AC2F2EB1B2007D2A5B /* Sources */ = {
			isa = PBXSourcesBuildPhase;
			buildActionMask = 2147483647;
			files = (
			);
			runOnlyForDeploymentPostprocessing = 0;
		};
		C3B298E52E7722FB005DD018 /* Sources */ = {
			isa = PBXSourcesBuildPhase;
			buildActionMask = 2147483647;
			files = (
			);
			runOnlyForDeploymentPostprocessing = 0;
		};
		C3B298F72E7722FD005DD018 /* Sources */ = {
			isa = PBXSourcesBuildPhase;
			buildActionMask = 2147483647;
			files = (
			);
			runOnlyForDeploymentPostprocessing = 0;
		};
		C3B299012E7722FD005DD018 /* Sources */ = {
			isa = PBXSourcesBuildPhase;
			buildActionMask = 2147483647;
			files = (
			);
			runOnlyForDeploymentPostprocessing = 0;
		};
/* End PBXSourcesBuildPhase section */

/* Begin PBXTargetDependency section */
		C32457BF2F2EB1B4007D2A5B /* PBXTargetDependency */ = {
			isa = PBXTargetDependency;
			target = C32457AF2F2EB1B2007D2A5B /* MeteoradarWidgetExtension */;
			targetProxy = C32457BE2F2EB1B4007D2A5B /* PBXContainerItemProxy */;
		};
		C3B298FD2E7722FD005DD018 /* PBXTargetDependency */ = {
			isa = PBXTargetDependency;
			target = C3B298E82E7722FB005DD018 /* Meteoradar */;
			targetProxy = C3B298FC2E7722FD005DD018 /* PBXContainerItemProxy */;
		};
		C3B299072E7722FD005DD018 /* PBXTargetDependency */ = {
			isa = PBXTargetDependency;
			target = C3B298E82E7722FB005DD018 /* Meteoradar */;
			targetProxy = C3B299062E7722FD005DD018 /* PBXContainerItemProxy */;
		};
/* End PBXTargetDependency section */

/* Begin XCBuildConfiguration section */
		C32457C32F2EB1B4007D2A5B /* Debug */ = {
			isa = XCBuildConfiguration;
			buildSettings = {
				ASSETCATALOG_COMPILER_GLOBAL_ACCENT_COLOR_NAME = AccentColor;
				ASSETCATALOG_COMPILER_WIDGET_BACKGROUND_COLOR_NAME = WidgetBackground;
				CODE_SIGN_ENTITLEMENTS = MeteoradarWidget/MeteoradarWidget.entitlements;
				CODE_SIGN_IDENTITY = "Apple Development";
				CODE_SIGN_STYLE = Automatic;
				CURRENT_PROJECT_VERSION = 8;
				DEVELOPMENT_TEAM = 45BPJL5U4H;
				GENERATE_INFOPLIST_FILE = YES;
				INFOPLIST_FILE = MeteoradarWidget/Info.plist;
				INFOPLIST_KEY_CFBundleDisplayName = MeteoradarWidget;
				INFOPLIST_KEY_NSHumanReadableCopyright = "";
				IPHONEOS_DEPLOYMENT_TARGET = 17.6;
				LD_RUNPATH_SEARCH_PATHS = (
					"$(inherited)",
					"@executable_path/Frameworks",
					"@executable_path/../../Frameworks",
				);
				MARKETING_VERSION = 1.2;
				PRODUCT_BUNDLE_IDENTIFIER = com.danielsuchy.meteoradar.MeteoradarWidget;
				PRODUCT_NAME = "$(TARGET_NAME)";
				SKIP_INSTALL = YES;
				STRING_CATALOG_GENERATE_SYMBOLS = YES;
				SWIFT_APPROACHABLE_CONCURRENCY = YES;
				SWIFT_EMIT_LOC_STRINGS = YES;
				SWIFT_UPCOMING_FEATURE_MEMBER_IMPORT_VISIBILITY = YES;
				SWIFT_VERSION = 5.0;
				TARGETED_DEVICE_FAMILY = "1,2";
			};
			name = Debug;
		};
		C32457C42F2EB1B4007D2A5B /* Release */ = {
			isa = XCBuildConfiguration;
			buildSettings = {
				ASSETCATALOG_COMPILER_GLOBAL_ACCENT_COLOR_NAME = AccentColor;
				ASSETCATALOG_COMPILER_WIDGET_BACKGROUND_COLOR_NAME = WidgetBackground;
				CODE_SIGN_ENTITLEMENTS = MeteoradarWidget/MeteoradarWidget.entitlements;
				CODE_SIGN_IDENTITY = "Apple Development";
				CODE_SIGN_STYLE = Automatic;
				CURRENT_PROJECT_VERSION = 8;
				DEVELOPMENT_TEAM = 45BPJL5U4H;
				GENERATE_INFOPLIST_FILE = YES;
				INFOPLIST_FILE = MeteoradarWidget/Info.plist;
				INFOPLIST_KEY_CFBundleDisplayName = MeteoradarWidget;
				INFOPLIST_KEY_NSHumanReadableCopyright = "";
				IPHONEOS_DEPLOYMENT_TARGET = 17.6;
				LD_RUNPATH_SEARCH_PATHS = (
					"$(inherited)",
					"@executable_path/Frameworks",
					"@executable_path/../../Frameworks",
				);
				MARKETING_VERSION = 1.2;
				PRODUCT_BUNDLE_IDENTIFIER = com.danielsuchy.meteoradar.MeteoradarWidget;
				PRODUCT_NAME = "$(TARGET_NAME)";
				SKIP_INSTALL = YES;
				STRING_CATALOG_GENERATE_SYMBOLS = YES;
				SWIFT_APPROACHABLE_CONCURRENCY = YES;
				SWIFT_EMIT_LOC_STRINGS = YES;
				SWIFT_UPCOMING_FEATURE_MEMBER_IMPORT_VISIBILITY = YES;
				SWIFT_VERSION = 5.0;
				TARGETED_DEVICE_FAMILY = "1,2";
			};
			name = Release;
		};
		C3B2990D2E7722FD005DD018 /* Debug */ = {
			isa = XCBuildConfiguration;
			buildSettings = {
				ALWAYS_SEARCH_USER_PATHS = NO;
				ASSETCATALOG_COMPILER_GENERATE_SWIFT_ASSET_SYMBOL_EXTENSIONS = YES;
				CLANG_ANALYZER_NONNULL = YES;
				CLANG_ANALYZER_NUMBER_OBJECT_CONVERSION = YES_AGGRESSIVE;
				CLANG_CXX_LANGUAGE_STANDARD = "gnu++20";
				CLANG_ENABLE_MODULES = YES;
				CLANG_ENABLE_OBJC_ARC = YES;
				CLANG_ENABLE_OBJC_WEAK = YES;
				CLANG_WARN_BLOCK_CAPTURE_AUTORELEASING = YES;
				CLANG_WARN_BOOL_CONVERSION = YES;
				CLANG_WARN_COMMA = YES;
				CLANG_WARN_CONSTANT_CONVERSION = YES;
				CLANG_WARN_DEPRECATED_OBJC_IMPLEMENTATIONS = YES;
				CLANG_WARN_DIRECT_OBJC_ISA_USAGE = YES_ERROR;
				CLANG_WARN_DOCUMENTATION_COMMENTS = YES;
				CLANG_WARN_EMPTY_BODY = YES;
				CLANG_WARN_ENUM_CONVERSION = YES;
				CLANG_WARN_INFINITE_RECURSION = YES;
				CLANG_WARN_INT_CONVERSION = YES;
				CLANG_WARN_NON_LITERAL_NULL_CONVERSION = YES;
				CLANG_WARN_OBJC_IMPLICIT_RETAIN_SELF = YES;
				CLANG_WARN_OBJC_LITERAL_CONVERSION = YES;
				CLANG_WARN_OBJC_ROOT_CLASS = YES_ERROR;
				CLANG_WARN_QUOTED_INCLUDE_IN_FRAMEWORK_HEADER = YES;
				CLANG_WARN_RANGE_LOOP_ANALYSIS = YES;
				CLANG_WARN_STRICT_PROTOTYPES = YES;
				CLANG_WARN_SUSPICIOUS_MOVE = YES;
				CLANG_WARN_UNGUARDED_AVAILABILITY = YES_AGGRESSIVE;
				CLANG_WARN_UNREACHABLE_CODE = YES;
				CLANG_WARN__DUPLICATE_METHOD_MATCH = YES;
				COPY_PHASE_STRIP = NO;
				DEBUG_INFORMATION_FORMAT = dwarf;
				ENABLE_STRICT_OBJC_MSGSEND = YES;
				ENABLE_TESTABILITY = YES;
				ENABLE_USER_SCRIPT_SANDBOXING = YES;
				GCC_C_LANGUAGE_STANDARD = gnu17;
				GCC_DYNAMIC_NO_PIC = NO;
				GCC_NO_COMMON_BLOCKS = YES;
				GCC_OPTIMIZATION_LEVEL = 0;
				GCC_PREPROCESSOR_DEFINITIONS = (
					"DEBUG=1",
					"$(inherited)",
				);
				GCC_WARN_64_TO_32_BIT_CONVERSION = YES;
				GCC_WARN_ABOUT_RETURN_TYPE = YES_ERROR;
				GCC_WARN_UNDECLARED_SELECTOR = YES;
				GCC_WARN_UNINITIALIZED_AUTOS = YES_AGGRESSIVE;
				GCC_WARN_UNUSED_FUNCTION = YES;
				GCC_WARN_UNUSED_VARIABLE = YES;
				GENERATE_INFOPLIST_FILE = YES;
				IPHONEOS_DEPLOYMENT_TARGET = 18.4;
				LOCALIZATION_PREFERS_STRING_CATALOGS = YES;
				MTL_ENABLE_DEBUG_INFO = INCLUDE_SOURCE;
				MTL_FAST_MATH = YES;
				ONLY_ACTIVE_ARCH = YES;
				SDKROOT = iphoneos;
				STRING_CATALOG_GENERATE_SYMBOLS = YES;
				SWIFT_ACTIVE_COMPILATION_CONDITIONS = "DEBUG $(inherited)";
				SWIFT_OPTIMIZATION_LEVEL = "-Onone";
			};
			name = Debug;
		};
		C3B2990E2E7722FD005DD018 /* Release */ = {
			isa = XCBuildConfiguration;
			buildSettings = {
				ALWAYS_SEARCH_USER_PATHS = NO;
				ASSETCATALOG_COMPILER_GENERATE_SWIFT_ASSET_SYMBOL_EXTENSIONS = YES;
				CLANG_ANALYZER_NONNULL = YES;
				CLANG_ANALYZER_NUMBER_OBJECT_CONVERSION = YES_AGGRESSIVE;
				CLANG_CXX_LANGUAGE_STANDARD = "gnu++20";
				CLANG_ENABLE_MODULES = YES;
				CLANG_ENABLE_OBJC_ARC = YES;
				CLANG_ENABLE_OBJC_WEAK = YES;
				CLANG_WARN_BLOCK_CAPTURE_AUTORELEASING = YES;
				CLANG_WARN_BOOL_CONVERSION = YES;
				CLANG_WARN_COMMA = YES;
				CLANG_WARN_CONSTANT_CONVERSION = YES;
				CLANG_WARN_DEPRECATED_OBJC_IMPLEMENTATIONS = YES;
				CLANG_WARN_DIRECT_OBJC_ISA_USAGE = YES_ERROR;
				CLANG_WARN_DOCUMENTATION_COMMENTS = YES;
				CLANG_WARN_EMPTY_BODY = YES;
				CLANG_WARN_ENUM_CONVERSION = YES;
				CLANG_WARN_INFINITE_RECURSION = YES;
				CLANG_WARN_INT_CONVERSION = YES;
				CLANG_WARN_NON_LITERAL_NULL_CONVERSION = YES;
				CLANG_WARN_OBJC_IMPLICIT_RETAIN_SELF = YES;
				CLANG_WARN_OBJC_LITERAL_CONVERSION = YES;
				CLANG_WARN_OBJC_ROOT_CLASS = YES_ERROR;
				CLANG_WARN_QUOTED_INCLUDE_IN_FRAMEWORK_HEADER = YES;
				CLANG_WARN_RANGE_LOOP_ANALYSIS = YES;
				CLANG_WARN_STRICT_PROTOTYPES = YES;
				CLANG_WARN_SUSPICIOUS_MOVE = YES;
				CLANG_WARN_UNGUARDED_AVAILABILITY = YES_AGGRESSIVE;
				CLANG_WARN_UNREACHABLE_CODE = YES;
				CLANG_WARN__DUPLICATE_METHOD_MATCH = YES;
				COPY_PHASE_STRIP = NO;
				DEBUG_INFORMATION_FORMAT = "dwarf-with-dsym";
				ENABLE_NS_ASSERTIONS = NO;
				ENABLE_STRICT_OBJC_MSGSEND = YES;
				ENABLE_USER_SCRIPT_SANDBOXING = YES;
				GCC_C_LANGUAGE_STANDARD = gnu17;
				GCC_NO_COMMON_BLOCKS = YES;
				GCC_WARN_64_TO_32_BIT_CONVERSION = YES;
				GCC_WARN_ABOUT_RETURN_TYPE = YES_ERROR;
				GCC_WARN_UNDECLARED_SELECTOR = YES;
				GCC_WARN_UNINITIALIZED_AUTOS = YES_AGGRESSIVE;
				GCC_WARN_UNUSED_FUNCTION = YES;
				GCC_WARN_UNUSED_VARIABLE = YES;
				GENERATE_INFOPLIST_FILE = YES;
				IPHONEOS_DEPLOYMENT_TARGET = 18.4;
				LOCALIZATION_PREFERS_STRING_CATALOGS = YES;
				MTL_ENABLE_DEBUG_INFO = NO;
				MTL_FAST_MATH = YES;
				SDKROOT = iphoneos;
				STRING_CATALOG_GENERATE_SYMBOLS = YES;
				SWIFT_COMPILATION_MODE = wholemodule;
				VALIDATE_PRODUCT = YES;
			};
			name = Release;
		};
		C3B299102E7722FD005DD018 /* Debug */ = {
			isa = XCBuildConfiguration;
			buildSettings = {
				ASSETCATALOG_COMPILER_APPICON_NAME = RainRadar;
				ASSETCATALOG_COMPILER_GLOBAL_ACCENT_COLOR_NAME = AccentColor;
				ASSETCATALOG_COMPILER_INCLUDE_ALL_APPICON_ASSETS = NO;
				CODE_SIGN_ENTITLEMENTS = Meteoradar/Meteoradar.entitlements;
				CODE_SIGN_IDENTITY = "Apple Development";
				CODE_SIGN_STYLE = Automatic;
				CURRENT_PROJECT_VERSION = 8;
				DEVELOPMENT_TEAM = 45BPJL5U4H;
				ENABLE_PREVIEWS = YES;
				GENERATE_INFOPLIST_FILE = YES;
				INFOPLIST_KEY_ITSAppUsesNonExemptEncryption = NO;
				INFOPLIST_KEY_LSApplicationCategoryType = "public.app-category.weather";
				INFOPLIST_KEY_NSLocationWhenInUseUsageDescription = "Your location is used to show your position on the map.";
				INFOPLIST_KEY_UIApplicationSceneManifest_Generation = YES;
				INFOPLIST_KEY_UIApplicationSupportsIndirectInputEvents = YES;
				INFOPLIST_KEY_UILaunchScreen_Generation = YES;
				INFOPLIST_KEY_UISupportedInterfaceOrientations_iPad = "UIInterfaceOrientationPortrait UIInterfaceOrientationPortraitUpsideDown UIInterfaceOrientationLandscapeLeft UIInterfaceOrientationLandscapeRight";
				INFOPLIST_KEY_UISupportedInterfaceOrientations_iPhone = "UIInterfaceOrientationPortrait UIInterfaceOrientationLandscapeLeft UIInterfaceOrientationLandscapeRight";
				IPHONEOS_DEPLOYMENT_TARGET = 16.6;
				LD_RUNPATH_SEARCH_PATHS = (
					"$(inherited)",
					"@executable_path/Frameworks",
				);
				MARKETING_VERSION = 1.2;
				PRODUCT_BUNDLE_IDENTIFIER = com.danielsuchy.meteoradar;
				PRODUCT_NAME = "$(TARGET_NAME)";
				PROVISIONING_PROFILE_SPECIFIER = "";
				SWIFT_EMIT_LOC_STRINGS = YES;
				SWIFT_VERSION = 5.0;
				TARGETED_DEVICE_FAMILY = "1,2";
			};
			name = Debug;
		};
		C3B299112E7722FD005DD018 /* Release */ = {
			isa = XCBuildConfiguration;
			buildSettings = {
				ASSETCATALOG_COMPILER_APPICON_NAME = RainRadar;
				ASSETCATALOG_COMPILER_GLOBAL_ACCENT_COLOR_NAME = AccentColor;
				ASSETCATALOG_COMPILER_INCLUDE_ALL_APPICON_ASSETS = NO;
				CODE_SIGN_ENTITLEMENTS = Meteoradar/Meteoradar.entitlements;
				CODE_SIGN_IDENTITY = "Apple Development";
				CODE_SIGN_STYLE = Automatic;
				CURRENT_PROJECT_VERSION = 8;
				DEVELOPMENT_TEAM = 45BPJL5U4H;
				ENABLE_PREVIEWS = YES;
				GENERATE_INFOPLIST_FILE = YES;
				INFOPLIST_KEY_ITSAppUsesNonExemptEncryption = NO;
				INFOPLIST_KEY_LSApplicationCategoryType = "public.app-category.weather";
				INFOPLIST_KEY_NSLocationWhenInUseUsageDescription = "Your location is used to show your position on the map.";
				INFOPLIST_KEY_UIApplicationSceneManifest_Generation = YES;
				INFOPLIST_KEY_UIApplicationSupportsIndirectInputEvents = YES;
				INFOPLIST_KEY_UILaunchScreen_Generation = YES;
				INFOPLIST_KEY_UISupportedInterfaceOrientations_iPad = "UIInterfaceOrientationPortrait UIInterfaceOrientationPortraitUpsideDown UIInterfaceOrientationLandscapeLeft UIInterfaceOrientationLandscapeRight";
				INFOPLIST_KEY_UISupportedInterfaceOrientations_iPhone = "UIInterfaceOrientationPortrait UIInterfaceOrientationLandscapeLeft UIInterfaceOrientationLandscapeRight";
				IPHONEOS_DEPLOYMENT_TARGET = 16.6;
				LD_RUNPATH_SEARCH_PATHS = (
					"$(inherited)",
					"@executable_path/Frameworks",
				);
				MARKETING_VERSION = 1.2;
				PRODUCT_BUNDLE_IDENTIFIER = com.danielsuchy.meteoradar;
				PRODUCT_NAME = "$(TARGET_NAME)";
				PROVISIONING_PROFILE_SPECIFIER = "";
				SWIFT_EMIT_LOC_STRINGS = YES;
				SWIFT_VERSION = 5.0;
				TARGETED_DEVICE_FAMILY = "1,2";
			};
			name = Release;
		};
		C3B299132E7722FD005DD018 /* Debug */ = {
			isa = XCBuildConfiguration;
			buildSettings = {
				BUNDLE_LOADER = "$(TEST_HOST)";
				CODE_SIGN_STYLE = Automatic;
				CURRENT_PROJECT_VERSION = 1;
				GENERATE_INFOPLIST_FILE = YES;
				IPHONEOS_DEPLOYMENT_TARGET = 18.4;
				MARKETING_VERSION = 1.0;
				PRODUCT_BUNDLE_IDENTIFIER = com.ds.MeteoradarTests;
				PRODUCT_NAME = "$(TARGET_NAME)";
				SWIFT_EMIT_LOC_STRINGS = NO;
				SWIFT_VERSION = 5.0;
				TARGETED_DEVICE_FAMILY = "1,2";
				TEST_HOST = "$(BUILT_PRODUCTS_DIR)/Meteoradar.app/$(BUNDLE_EXECUTABLE_FOLDER_PATH)/Meteoradar";
			};
			name = Debug;
		};
		C3B299142E7722FD005DD018 /* Release */ = {
			isa = XCBuildConfiguration;
			buildSettings = {
				BUNDLE_LOADER = "$(TEST_HOST)";
				CODE_SIGN_STYLE = Automatic;
				CURRENT_PROJECT_VERSION = 1;
				GENERATE_INFOPLIST_FILE = YES;
				IPHONEOS_DEPLOYMENT_TARGET = 18.4;
				MARKETING_VERSION = 1.0;
				PRODUCT_BUNDLE_IDENTIFIER = com.ds.MeteoradarTests;
				PRODUCT_NAME = "$(TARGET_NAME)";
				SWIFT_EMIT_LOC_STRINGS = NO;
				SWIFT_VERSION = 5.0;
				TARGETED_DEVICE_FAMILY = "1,2";
				TEST_HOST = "$(BUILT_PRODUCTS_DIR)/Meteoradar.app/$(BUNDLE_EXECUTABLE_FOLDER_PATH)/Meteoradar";
			};
			name = Release;
		};
		C3B299162E7722FD005DD018 /* Debug */ = {
			isa = XCBuildConfiguration;
			buildSettings = {
				CODE_SIGN_STYLE = Automatic;
				CURRENT_PROJECT_VERSION = 1;
				GENERATE_INFOPLIST_FILE = YES;
				MARKETING_VERSION = 1.0;
				PRODUCT_BUNDLE_IDENTIFIER = com.ds.MeteoradarUITests;
				PRODUCT_NAME = "$(TARGET_NAME)";
				SWIFT_EMIT_LOC_STRINGS = NO;
				SWIFT_VERSION = 5.0;
				TARGETED_DEVICE_FAMILY = "1,2";
				TEST_TARGET_NAME = Meteoradar;
			};
			name = Debug;
		};
		C3B299172E7722FD005DD018 /* Release */ = {
			isa = XCBuildConfiguration;
			buildSettings = {
				CODE_SIGN_STYLE = Automatic;
				CURRENT_PROJECT_VERSION = 1;
				GENERATE_INFOPLIST_FILE = YES;
				MARKETING_VERSION = 1.0;
				PRODUCT_BUNDLE_IDENTIFIER = com.ds.MeteoradarUITests;
				PRODUCT_NAME = "$(TARGET_NAME)";
				SWIFT_EMIT_LOC_STRINGS = NO;
				SWIFT_VERSION = 5.0;
				TARGETED_DEVICE_FAMILY = "1,2";
				TEST_TARGET_NAME = Meteoradar;
			};
			name = Release;
		};
/* End XCBuildConfiguration section */

/* Begin XCConfigurationList section */
		C32457C22F2EB1B4007D2A5B /* Build configuration list for PBXNativeTarget "MeteoradarWidgetExtension" */ = {
			isa = XCConfigurationList;
			buildConfigurations = (
				C32457C32F2EB1B4007D2A5B /* Debug */,
				C32457C42F2EB1B4007D2A5B /* Release */,
			);
			defaultConfigurationIsVisible = 0;
			defaultConfigurationName = Release;
		};
		C3B298E42E7722FB005DD018 /* Build configuration list for PBXProject "Meteoradar" */ = {
			isa = XCConfigurationList;
			buildConfigurations = (
				C3B2990D2E7722FD005DD018 /* Debug */,
				C3B2990E2E7722FD005DD018 /* Release */,
			);
			defaultConfigurationIsVisible = 0;
			defaultConfigurationName = Release;
		};
		C3B2990F2E7722FD005DD018 /* Build configuration list for PBXNativeTarget "Meteoradar" */ = {
			isa = XCConfigurationList;
			buildConfigurations = (
				C3B299102E7722FD005DD018 /* Debug */,
				C3B299112E7722FD005DD018 /* Release */,
			);
			defaultConfigurationIsVisible = 0;
			defaultConfigurationName = Release;
		};
		C3B299122E7722FD005DD018 /* Build configuration list for PBXNativeTarget "MeteoradarTests" */ = {
			isa = XCConfigurationList;
			buildConfigurations = (
				C3B299132E7722FD005DD018 /* Debug */,
				C3B299142E7722FD005DD018 /* Release */,
			);
			defaultConfigurationIsVisible = 0;
			defaultConfigurationName = Release;
		};
		C3B299152E7722FD005DD018 /* Build configuration list for PBXNativeTarget "MeteoradarUITests" */ = {
			isa = XCConfigurationList;
			buildConfigurations = (
				C3B299162E7722FD005DD018 /* Debug */,
				C3B299172E7722FD005DD018 /* Release */,
			);
			defaultConfigurationIsVisible = 0;
			defaultConfigurationName = Release;
		};
/* End XCConfigurationList section */
	};
	rootObject = C3B298E12E7722FB005DD018 /* Project object */;
}
